PODS:
  - Alamofire (4.8.2)
  - libwebp (1.0.2):
    - libwebp/core (= 1.0.2)
    - libwebp/dec (= 1.0.2)
    - libwebp/demux (= 1.0.2)
    - libwebp/dsp (= 1.0.2)
    - libwebp/enc (= 1.0.2)
    - libwebp/mux (= 1.0.2)
    - libwebp/utils (= 1.0.2)
    - libwebp/webp (= 1.0.2)
  - libwebp/core (1.0.2):
    - libwebp/webp
  - libwebp/dec (1.0.2):
    - libwebp/core
  - libwebp/demux (1.0.2):
    - libwebp/core
  - libwebp/dsp (1.0.2):
    - libwebp/core
  - libwebp/enc (1.0.2):
    - libwebp/core
  - libwebp/mux (1.0.2):
    - libwebp/core
  - libwebp/utils (1.0.2):
    - libwebp/core
  - libwebp/webp (1.0.2)
  - SDWebImage/Core (4.4.6)
  - SDWebImage/WebP (4.4.6):
    - libwebp (>= 0.5)
    - SDWebImage/Core
  - SwiftyJSON (5.0.0)
  - Toast-Swift (5.0.0)

DEPENDENCIES:
  - Alamofire
  - SDWebImage/WebP
  - SwiftyJSON
  - Toast-Swift

SPEC REPOS:
  https://github.com/cocoapods/specs.git:
    - Alamofire
    - libwebp
    - SDWebImage
    - SwiftyJSON
    - Toast-Swift

SPEC CHECKSUMS:
  Alamofire: ae5c501addb7afdbb13687d7f2f722c78734c2d3
  libwebp: b068a3bd7c45f7460f6715be7bed1a18fd5d6b48
  SDWebImage: 3f3f0c02f09798048c47a5ed0a13f17b063572d8
  SwiftyJSON: 36413e04c44ee145039d332b4f4e2d3e8d6c4db7
  Toast-Swift: 36f4720243c8582c2be243a60a51e193c761f541

PODFILE CHECKSUM: 587fae9b75089348b930f39da31e785de5f2e0aa

COCOAPODS: 1.5.3
