// !$*UTF8*$!
{
	archiveVersion = 1;
	classes = {
	};
	objectVersion = 50;
	objects = {

/* Begin PBXBuildFile section */
		147E1DC42299C1F5008501B2 /* AppDelegate.swift in Sources */ = {isa = PBXBuildFile; fileRef = 147E1DC32299C1F5008501B2 /* AppDelegate.swift */; };
		147E1DC62299C1F5008501B2 /* ViewController.swift in Sources */ = {isa = PBXBuildFile; fileRef = 147E1DC52299C1F5008501B2 /* ViewController.swift */; };
		147E1DC92299C1F5008501B2 /* Main.storyboard in Resources */ = {isa = PBXBuildFile; fileRef = 147E1DC72299C1F5008501B2 /* Main.storyboard */; };
		147E1DCB2299C1FA008501B2 /* Assets.xcassets in Resources */ = {isa = PBXBuildFile; fileRef = 147E1DCA2299C1FA008501B2 /* Assets.xcassets */; };
		147E1DCE2299C1FA008501B2 /* LaunchScreen.storyboard in Resources */ = {isa = PBXBuildFile; fileRef = 147E1DCC2299C1FA008501B2 /* LaunchScreen.storyboard */; };
		9A3D495AC5E9CCB917BD6A56 /* Pods_The_Winner.framework in Frameworks */ = {isa = PBXBuildFile; fileRef = E78D04C0E27E81AF00B90226 /* Pods_The_Winner.framework */; };
/* End PBXBuildFile section */

/* Begin PBXFileReference section */
		147E1DC02299C1F5008501B2 /* The Winner.app */ = {isa = PBXFileReference; explicitFileType = wrapper.application; includeInIndex = 0; path = "The Winner.app"; sourceTree = BUILT_PRODUCTS_DIR; };
		147E1DC32299C1F5008501B2 /* AppDelegate.swift */ = {isa = PBXFileReference; lastKnownFileType = sourcecode.swift; path = AppDelegate.swift; sourceTree = "<group>"; };
		147E1DC52299C1F5008501B2 /* ViewController.swift */ = {isa = PBXFileReference; lastKnownFileType = sourcecode.swift; path = ViewController.swift; sourceTree = "<group>"; };
		147E1DC82299C1F5008501B2 /* Base */ = {isa = PBXFileReference; lastKnownFileType = file.storyboard; name = Base; path = Base.lproj/Main.storyboard; sourceTree = "<group>"; };
		147E1DCA2299C1FA008501B2 /* Assets.xcassets */ = {isa = PBXFileReference; lastKnownFileType = folder.assetcatalog; path = Assets.xcassets; sourceTree = "<group>"; };
		147E1DCD2299C1FA008501B2 /* Base */ = {isa = PBXFileReference; lastKnownFileType = file.storyboard; name = Base; path = Base.lproj/LaunchScreen.storyboard; sourceTree = "<group>"; };
		147E1DCF2299C1FA008501B2 /* Info.plist */ = {isa = PBXFileReference; lastKnownFileType = text.plist.xml; path = Info.plist; sourceTree = "<group>"; };
		6D1E7D8E69EBBA90902D8410 /* Pods-The Winner.release.xcconfig */ = {isa = PBXFileReference; includeInIndex = 1; lastKnownFileType = text.xcconfig; name = "Pods-The Winner.release.xcconfig"; path = "Pods/Target Support Files/Pods-The Winner/Pods-The Winner.release.xcconfig"; sourceTree = "<group>"; };
		803F72CBBB0CC7A64434E6EF /* Pods-The Winner.debug.xcconfig */ = {isa = PBXFileReference; includeInIndex = 1; lastKnownFileType = text.xcconfig; name = "Pods-The Winner.debug.xcconfig"; path = "Pods/Target Support Files/Pods-The Winner/Pods-The Winner.debug.xcconfig"; sourceTree = "<group>"; };
		E78D04C0E27E81AF00B90226 /* Pods_The_Winner.framework */ = {isa = PBXFileReference; explicitFileType = wrapper.framework; includeInIndex = 0; path = Pods_The_Winner.framework; sourceTree = BUILT_PRODUCTS_DIR; };
/* End PBXFileReference section */

/* Begin PBXFrameworksBuildPhase section */
		147E1DBD2299C1F5008501B2 /* Frameworks */ = {
			isa = PBXFrameworksBuildPhase;
			buildActionMask = 2147483647;
			files = (
				9A3D495AC5E9CCB917BD6A56 /* Pods_The_Winner.framework in Frameworks */,
			);
			runOnlyForDeploymentPostprocessing = 0;
		};
/* End PBXFrameworksBuildPhase section */

/* Begin PBXGroup section */
		147E1DB72299C1F4008501B2 = {
			isa = PBXGroup;
			children = (
				147E1DC22299C1F5008501B2 /* The Winner */,
				147E1DC12299C1F5008501B2 /* Products */,
				40B389506C2E42058F8DE222 /* Pods */,
				F41DBC9C4BCFE391157F04B4 /* Frameworks */,
			);
			sourceTree = "<group>";
		};
		147E1DC12299C1F5008501B2 /* Products */ = {
			isa = PBXGroup;
			children = (
				147E1DC02299C1F5008501B2 /* The Winner.app */,
			);
			name = Products;
			sourceTree = "<group>";
		};
		147E1DC22299C1F5008501B2 /* The Winner */ = {
			isa = PBXGroup;
			children = (
				147E1DC32299C1F5008501B2 /* AppDelegate.swift */,
				147E1DC52299C1F5008501B2 /* ViewController.swift */,
				147E1DC72299C1F5008501B2 /* Main.storyboard */,
				147E1DCA2299C1FA008501B2 /* Assets.xcassets */,
				147E1DCC2299C1FA008501B2 /* LaunchScreen.storyboard */,
				147E1DCF2299C1FA008501B2 /* Info.plist */,
			);
			path = "The Winner";
			sourceTree = "<group>";
		};
		40B389506C2E42058F8DE222 /* Pods */ = {
			isa = PBXGroup;
			children = (
				803F72CBBB0CC7A64434E6EF /* Pods-The Winner.debug.xcconfig */,
				6D1E7D8E69EBBA90902D8410 /* Pods-The Winner.release.xcconfig */,
			);
			name = Pods;
			sourceTree = "<group>";
		};
		F41DBC9C4BCFE391157F04B4 /* Frameworks */ = {
			isa = PBXGroup;
			children = (
				E78D04C0E27E81AF00B90226 /* Pods_The_Winner.framework */,
			);
			name = Frameworks;
			sourceTree = "<group>";
		};
/* End PBXGroup section */

/* Begin PBXNativeTarget section */
		147E1DBF2299C1F5008501B2 /* The Winner */ = {
			isa = PBXNativeTarget;
			buildConfigurationList = 147E1DD22299C1FA008501B2 /* Build configuration list for PBXNativeTarget "The Winner" */;
			buildPhases = (
				3800EDAB61E6637B1B58CCDC /* [CP] Check Pods Manifest.lock */,
				147E1DBC2299C1F5008501B2 /* Sources */,
				147E1DBD2299C1F5008501B2 /* Frameworks */,
				147E1DBE2299C1F5008501B2 /* Resources */,
				04C6C7C0B9471F207294FF1A /* [CP] Embed Pods Frameworks */,
			);
			buildRules = (
			);
			dependencies = (
			);
			name = "The Winner";
			productName = "The Winner";
			productReference = 147E1DC02299C1F5008501B2 /* The Winner.app */;
			productType = "com.apple.product-type.application";
		};
/* End PBXNativeTarget section */

/* Begin PBXProject section */
		147E1DB82299C1F4008501B2 /* Project object */ = {
			isa = PBXProject;
			attributes = {
				LastSwiftUpdateCheck = 1010;
				LastUpgradeCheck = 1010;
				ORGANIZATIONNAME = "Nour ";
				TargetAttributes = {
					147E1DBF2299C1F5008501B2 = {
						CreatedOnToolsVersion = 10.1;
					};
				};
			};
			buildConfigurationList = 147E1DBB2299C1F4008501B2 /* Build configuration list for PBXProject "The Winner" */;
			compatibilityVersion = "Xcode 9.3";
			developmentRegion = en;
			hasScannedForEncodings = 0;
			knownRegions = (
				en,
				Base,
			);
			mainGroup = 147E1DB72299C1F4008501B2;
			productRefGroup = 147E1DC12299C1F5008501B2 /* Products */;
			projectDirPath = "";
			projectRoot = "";
			targets = (
				147E1DBF2299C1F5008501B2 /* The Winner */,
			);
		};
/* End PBXProject section */

/* Begin PBXResourcesBuildPhase section */
		147E1DBE2299C1F5008501B2 /* Resources */ = {
			isa = PBXResourcesBuildPhase;
			buildActionMask = 2147483647;
			files = (
				147E1DCE2299C1FA008501B2 /* LaunchScreen.storyboard in Resources */,
				147E1DCB2299C1FA008501B2 /* Assets.xcassets in Resources */,
				147E1DC92299C1F5008501B2 /* Main.storyboard in Resources */,
			);
			runOnlyForDeploymentPostprocessing = 0;
		};
/* End PBXResourcesBuildPhase section */

/* Begin PBXShellScriptBuildPhase section */
		04C6C7C0B9471F207294FF1A /* [CP] Embed Pods Frameworks */ = {
			isa = PBXShellScriptBuildPhase;
			buildActionMask = 2147483647;
			files = (
			);
			inputFileListPaths = (
			);
			inputPaths = (
				"${SRCROOT}/Pods/Target Support Files/Pods-The Winner/Pods-The Winner-frameworks.sh",
				"${BUILT_PRODUCTS_DIR}/Alamofire/Alamofire.framework",
				"${BUILT_PRODUCTS_DIR}/SwiftyJSON/SwiftyJSON.framework",
				"${BUILT_PRODUCTS_DIR}/Toast-Swift/Toast_Swift.framework",
			);
			name = "[CP] Embed Pods Frameworks";
			outputFileListPaths = (
			);
			outputPaths = (
				"${TARGET_BUILD_DIR}/${FRAMEWORKS_FOLDER_PATH}/Alamofire.framework",
				"${TARGET_BUILD_DIR}/${FRAMEWORKS_FOLDER_PATH}/SwiftyJSON.framework",
				"${TARGET_BUILD_DIR}/${FRAMEWORKS_FOLDER_PATH}/Toast_Swift.framework",
			);
			runOnlyForDeploymentPostprocessing = 0;
			shellPath = /bin/sh;
			shellScript = "\"${SRCROOT}/Pods/Target Support Files/Pods-The Winner/Pods-The Winner-frameworks.sh\"\n";
			showEnvVarsInLog = 0;
		};
		3800EDAB61E6637B1B58CCDC /* [CP] Check Pods Manifest.lock */ = {
			isa = PBXShellScriptBuildPhase;
			buildActionMask = 2147483647;
			files = (
			);
			inputFileListPaths = (
			);
			inputPaths = (
				"${PODS_PODFILE_DIR_PATH}/Podfile.lock",
				"${PODS_ROOT}/Manifest.lock",
			);
			name = "[CP] Check Pods Manifest.lock";
			outputFileListPaths = (
			);
			outputPaths = (
				"$(DERIVED_FILE_DIR)/Pods-The Winner-checkManifestLockResult.txt",
			);
			runOnlyForDeploymentPostprocessing = 0;
			shellPath = /bin/sh;
			shellScript = "diff \"${PODS_PODFILE_DIR_PATH}/Podfile.lock\" \"${PODS_ROOT}/Manifest.lock\" > /dev/null\nif [ $? != 0 ] ; then\n    # print error to STDERR\n    echo \"error: The sandbox is not in sync with the Podfile.lock. Run 'pod install' or update your CocoaPods installation.\" >&2\n    exit 1\nfi\n# This output is used by Xcode 'outputs' to avoid re-running this script phase.\necho \"SUCCESS\" > \"${SCRIPT_OUTPUT_FILE_0}\"\n";
			showEnvVarsInLog = 0;
		};
/* End PBXShellScriptBuildPhase section */

/* Begin PBXSourcesBuildPhase section */
		147E1DBC2299C1F5008501B2 /* Sources */ = {
			isa = PBXSourcesBuildPhase;
			buildActionMask = 2147483647;
			files = (
				147E1DC62299C1F5008501B2 /* ViewController.swift in Sources */,
				147E1DC42299C1F5008501B2 /* AppDelegate.swift in Sources */,
			);
			runOnlyForDeploymentPostprocessing = 0;
		};
/* End PBXSourcesBuildPhase section */

/* Begin PBXVariantGroup section */
		147E1DC72299C1F5008501B2 /* Main.storyboard */ = {
			isa = PBXVariantGroup;
			children = (
				147E1DC82299C1F5008501B2 /* Base */,
			);
			name = Main.storyboard;
			sourceTree = "<group>";
		};
		147E1DCC2299C1FA008501B2 /* LaunchScreen.storyboard */ = {
			isa = PBXVariantGroup;
			children = (
				147E1DCD2299C1FA008501B2 /* Base */,
			);
			name = LaunchScreen.storyboard;
			sourceTree = "<group>";
		};
/* End PBXVariantGroup section */

/* Begin XCBuildConfiguration section */
		147E1DD02299C1FA008501B2 /* Debug */ = {
			isa = XCBuildConfiguration;
			buildSettings = {
				ALWAYS_SEARCH_USER_PATHS = NO;
				CLANG_ANALYZER_NONNULL = YES;
				CLANG_ANALYZER_NUMBER_OBJECT_CONVERSION = YES_AGGRESSIVE;
				CLANG_CXX_LANGUAGE_STANDARD = "gnu++14";
				CLANG_CXX_LIBRARY = "libc++";
				CLANG_ENABLE_MODULES = YES;
				CLANG_ENABLE_OBJC_ARC = YES;
				CLANG_ENABLE_OBJC_WEAK = YES;
				CLANG_WARN_BLOCK_CAPTURE_AUTORELEASING = YES;
				CLANG_WARN_BOOL_CONVERSION = YES;
				CLANG_WARN_COMMA = YES;
				CLANG_WARN_CONSTANT_CONVERSION = YES;
				CLANG_WARN_DEPRECATED_OBJC_IMPLEMENTATIONS = YES;
				CLANG_WARN_DIRECT_OBJC_ISA_USAGE = YES_ERROR;
				CLANG_WARN_DOCUMENTATION_COMMENTS = YES;
				CLANG_WARN_EMPTY_BODY = YES;
				CLANG_WARN_ENUM_CONVERSION = YES;
				CLANG_WARN_INFINITE_RECURSION = YES;
				CLANG_WARN_INT_CONVERSION = YES;
				CLANG_WARN_NON_LITERAL_NULL_CONVERSION = YES;
				CLANG_WARN_OBJC_IMPLICIT_RETAIN_SELF = YES;
				CLANG_WARN_OBJC_LITERAL_CONVERSION = YES;
				CLANG_WARN_OBJC_ROOT_CLASS = YES_ERROR;
				CLANG_WARN_RANGE_LOOP_ANALYSIS = YES;
				CLANG_WARN_STRICT_PROTOTYPES = YES;
				CLANG_WARN_SUSPICIOUS_MOVE = YES;
				CLANG_WARN_UNGUARDED_AVAILABILITY = YES_AGGRESSIVE;
				CLANG_WARN_UNREACHABLE_CODE = YES;
				CLANG_WARN__DUPLICATE_METHOD_MATCH = YES;
				CODE_SIGN_IDENTITY = "iPhone Developer";
				COPY_PHASE_STRIP = NO;
				DEBUG_INFORMATION_FORMAT = dwarf;
				ENABLE_STRICT_OBJC_MSGSEND = YES;
				ENABLE_TESTABILITY = YES;
				GCC_C_LANGUAGE_STANDARD = gnu11;
				GCC_DYNAMIC_NO_PIC = NO;
				GCC_NO_COMMON_BLOCKS = YES;
				GCC_OPTIMIZATION_LEVEL = 0;
				GCC_PREPROCESSOR_DEFINITIONS = (
					"DEBUG=1",
					"$(inherited)",
				);
				GCC_WARN_64_TO_32_BIT_CONVERSION = YES;
				GCC_WARN_ABOUT_RETURN_TYPE = YES_ERROR;
				GCC_WARN_UNDECLARED_SELECTOR = YES;
				GCC_WARN_UNINITIALIZED_AUTOS = YES_AGGRESSIVE;
				GCC_WARN_UNUSED_FUNCTION = YES;
				GCC_WARN_UNUSED_VARIABLE = YES;
				IPHONEOS_DEPLOYMENT_TARGET = 12.1;
				MTL_ENABLE_DEBUG_INFO = INCLUDE_SOURCE;
				MTL_FAST_MATH = YES;
				ONLY_ACTIVE_ARCH = YES;
				SDKROOT = iphoneos;
				SWIFT_ACTIVE_COMPILATION_CONDITIONS = DEBUG;
				SWIFT_OPTIMIZATION_LEVEL = "-Onone";
			};
			name = Debug;
		};
		147E1DD12299C1FA008501B2 /* Release */ = {
			isa = XCBuildConfiguration;
			buildSettings = {
				ALWAYS_SEARCH_USER_PATHS = NO;
				CLANG_ANALYZER_NONNULL = YES;
				CLANG_ANALYZER_NUMBER_OBJECT_CONVERSION = YES_AGGRESSIVE;
				CLANG_CXX_LANGUAGE_STANDARD = "gnu++14";
				CLANG_CXX_LIBRARY = "libc++";
				CLANG_ENABLE_MODULES = YES;
				CLANG_ENABLE_OBJC_ARC = YES;
				CLANG_ENABLE_OBJC_WEAK = YES;
				CLANG_WARN_BLOCK_CAPTURE_AUTORELEASING = YES;
				CLANG_WARN_BOOL_CONVERSION = YES;
				CLANG_WARN_COMMA = YES;
				CLANG_WARN_CONSTANT_CONVERSION = YES;
				CLANG_WARN_DEPRECATED_OBJC_IMPLEMENTATIONS = YES;
				CLANG_WARN_DIRECT_OBJC_ISA_USAGE = YES_ERROR;
				CLANG_WARN_DOCUMENTATION_COMMENTS = YES;
				CLANG_WARN_EMPTY_BODY = YES;
				CLANG_WARN_ENUM_CONVERSION = YES;
				CLANG_WARN_INFINITE_RECURSION = YES;
				CLANG_WARN_INT_CONVERSION = YES;
				CLANG_WARN_NON_LITERAL_NULL_CONVERSION = YES;
				CLANG_WARN_OBJC_IMPLICIT_RETAIN_SELF = YES;
				CLANG_WARN_OBJC_LITERAL_CONVERSION = YES;
				CLANG_WARN_OBJC_ROOT_CLASS = YES_ERROR;
				CLANG_WARN_RANGE_LOOP_ANALYSIS = YES;
				CLANG_WARN_STRICT_PROTOTYPES = YES;
				CLANG_WARN_SUSPICIOUS_MOVE = YES;
				CLANG_WARN_UNGUARDED_AVAILABILITY = YES_AGGRESSIVE;
				CLANG_WARN_UNREACHABLE_CODE = YES;
				CLANG_WARN__DUPLICATE_METHOD_MATCH = YES;
				CODE_SIGN_IDENTITY = "iPhone Developer";
				COPY_PHASE_STRIP = NO;
				DEBUG_INFORMATION_FORMAT = "dwarf-with-dsym";
				ENABLE_NS_ASSERTIONS = NO;
				ENABLE_STRICT_OBJC_MSGSEND = YES;
				GCC_C_LANGUAGE_STANDARD = gnu11;
				GCC_NO_COMMON_BLOCKS = YES;
				GCC_WARN_64_TO_32_BIT_CONVERSION = YES;
				GCC_WARN_ABOUT_RETURN_TYPE = YES_ERROR;
				GCC_WARN_UNDECLARED_SELECTOR = YES;
				GCC_WARN_UNINITIALIZED_AUTOS = YES_AGGRESSIVE;
				GCC_WARN_UNUSED_FUNCTION = YES;
				GCC_WARN_UNUSED_VARIABLE = YES;
				IPHONEOS_DEPLOYMENT_TARGET = 12.1;
				MTL_ENABLE_DEBUG_INFO = NO;
				MTL_FAST_MATH = YES;
				SDKROOT = iphoneos;
				SWIFT_COMPILATION_MODE = wholemodule;
				SWIFT_OPTIMIZATION_LEVEL = "-O";
				VALIDATE_PRODUCT = YES;
			};
			name = Release;
		};
		147E1DD32299C1FA008501B2 /* Debug */ = {
			isa = XCBuildConfiguration;
			baseConfigurationReference = 803F72CBBB0CC7A64434E6EF /* Pods-The Winner.debug.xcconfig */;
			buildSettings = {
				ASSETCATALOG_COMPILER_APPICON_NAME = AppIcon;
				CODE_SIGN_STYLE = Automatic;
				DEVELOPMENT_TEAM = BBSB6N9C9P;
				INFOPLIST_FILE = "The Winner/Info.plist";
				LD_RUNPATH_SEARCH_PATHS = (
					"$(inherited)",
					"@executable_path/Frameworks",
				);
				PRODUCT_BUNDLE_IDENTIFIER = "com.NourAlden.The-Winner";
				PRODUCT_NAME = "$(TARGET_NAME)";
				SWIFT_VERSION = 4.2;
				TARGETED_DEVICE_FAMILY = "1,2";
			};
			name = Debug;
		};
		147E1DD42299C1FA008501B2 /* Release */ = {
			isa = XCBuildConfiguration;
			baseConfigurationReference = 6D1E7D8E69EBBA90902D8410 /* Pods-The Winner.release.xcconfig */;
			buildSettings = {
				ASSETCATALOG_COMPILER_APPICON_NAME = AppIcon;
				CODE_SIGN_STYLE = Automatic;
				DEVELOPMENT_TEAM = BBSB6N9C9P;
				INFOPLIST_FILE = "The Winner/Info.plist";
				LD_RUNPATH_SEARCH_PATHS = (
					"$(inherited)",
					"@executable_path/Frameworks",
				);
				PRODUCT_BUNDLE_IDENTIFIER = "com.NourAlden.The-Winner";
				PRODUCT_NAME = "$(TARGET_NAME)";
				SWIFT_VERSION = 4.2;
				TARGETED_DEVICE_FAMILY = "1,2";
			};
			name = Release;
		};
/* End XCBuildConfiguration section */

/* Begin XCConfigurationList section */
		147E1DBB2299C1F4008501B2 /* Build configuration list for PBXProject "The Winner" */ = {
			isa = XCConfigurationList;
			buildConfigurations = (
				147E1DD02299C1FA008501B2 /* Debug */,
				147E1DD12299C1FA008501B2 /* Release */,
			);
			defaultConfigurationIsVisible = 0;
			defaultConfigurationName = Release;
		};
		147E1DD22299C1FA008501B2 /* Build configuration list for PBXNativeTarget "The Winner" */ = {
			isa = XCConfigurationList;
			buildConfigurations = (
				147E1DD32299C1FA008501B2 /* Debug */,
				147E1DD42299C1FA008501B2 /* Release */,
			);
			defaultConfigurationIsVisible = 0;
			defaultConfigurationName = Release;
		};
/* End XCConfigurationList section */
	};
	rootObject = 147E1DB82299C1F4008501B2 /* Project object */;
}
